// !$*UTF8*$!
{
	archiveVersion = 1;
	classes = {
	};
	objectVersion = 55;
	objects = {

/* Begin PBXBuildFile section */
		AF464061292C9A4E00BFC829 /* AppDelegate.swift in Sources */ = {isa = PBXBuildFile; fileRef = AF464060292C9A4E00BFC829 /* AppDelegate.swift */; };
		AF46406A292C9A5000BFC829 /* Assets.xcassets in Resources */ = {isa = PBXBuildFile; fileRef = AF464069292C9A5000BFC829 /* Assets.xcassets */; };
		AF46406D292C9A5000BFC829 /* LaunchScreen.storyboard in Resources */ = {isa = PBXBuildFile; fileRef = AF46406B292C9A5000BFC829 /* LaunchScreen.storyboard */; };
		AF46407A292C9ADF00BFC829 /* HomeVC.swift in Sources */ = {isa = PBXBuildFile; fileRef = AF464078292C9ADF00BFC829 /* HomeVC.swift */; };
		AF46407B292C9ADF00BFC829 /* HomeVC.xib in Resources */ = {isa = PBXBuildFile; fileRef = AF464079292C9ADF00BFC829 /* HomeVC.xib */; };
		AF464080292CA2E400BFC829 /* TaskTVC.swift in Sources */ = {isa = PBXBuildFile; fileRef = AF46407E292CA2E400BFC829 /* TaskTVC.swift */; };
		AF464081292CA2E400BFC829 /* TaskTVC.xib in Resources */ = {isa = PBXBuildFile; fileRef = AF46407F292CA2E400BFC829 /* TaskTVC.xib */; };
		AF464084292CA49F00BFC829 /* TaskDM.swift in Sources */ = {isa = PBXBuildFile; fileRef = AF464083292CA49F00BFC829 /* TaskDM.swift */; };
		AF464086292CA4E800BFC829 /* PriorityEnum.swift in Sources */ = {isa = PBXBuildFile; fileRef = AF464085292CA4E800BFC829 /* PriorityEnum.swift */; };
		AF464088292CA52000BFC829 /* TaskGroupDM.swift in Sources */ = {isa = PBXBuildFile; fileRef = AF464087292CA52000BFC829 /* TaskGroupDM.swift */; };
		AF46408A292CA57100BFC829 /* GroupTypeEnum.swift in Sources */ = {isa = PBXBuildFile; fileRef = AF464089292CA57100BFC829 /* GroupTypeEnum.swift */; };
		AF46408D292CD6F100BFC829 /* NewTaskVC.swift in Sources */ = {isa = PBXBuildFile; fileRef = AF46408B292CD6F100BFC829 /* NewTaskVC.swift */; };
		AF46408E292CD6F100BFC829 /* NewTaskVC.xib in Resources */ = {isa = PBXBuildFile; fileRef = AF46408C292CD6F100BFC829 /* NewTaskVC.xib */; };
/* End PBXBuildFile section */

/* Begin PBXFileReference section */
		AF46405D292C9A4E00BFC829 /* My To-Do List.app */ = {isa = PBXFileReference; explicitFileType = wrapper.application; includeInIndex = 0; path = "My To-Do List.app"; sourceTree = BUILT_PRODUCTS_DIR; };
		AF464060292C9A4E00BFC829 /* AppDelegate.swift */ = {isa = PBXFileReference; lastKnownFileType = sourcecode.swift; path = AppDelegate.swift; sourceTree = "<group>"; };
		AF464069292C9A5000BFC829 /* Assets.xcassets */ = {isa = PBXFileReference; lastKnownFileType = folder.assetcatalog; path = Assets.xcassets; sourceTree = "<group>"; };
		AF46406C292C9A5000BFC829 /* Base */ = {isa = PBXFileReference; lastKnownFileType = file.storyboard; name = Base; path = Base.lproj/LaunchScreen.storyboard; sourceTree = "<group>"; };
		AF46406E292C9A5000BFC829 /* Info.plist */ = {isa = PBXFileReference; lastKnownFileType = text.plist.xml; path = Info.plist; sourceTree = "<group>"; };
		AF464078292C9ADF00BFC829 /* HomeVC.swift */ = {isa = PBXFileReference; lastKnownFileType = sourcecode.swift; path = HomeVC.swift; sourceTree = "<group>"; };
		AF464079292C9ADF00BFC829 /* HomeVC.xib */ = {isa = PBXFileReference; lastKnownFileType = file.xib; path = HomeVC.xib; sourceTree = "<group>"; };
		AF46407E292CA2E400BFC829 /* TaskTVC.swift */ = {isa = PBXFileReference; lastKnownFileType = sourcecode.swift; path = TaskTVC.swift; sourceTree = "<group>"; };
		AF46407F292CA2E400BFC829 /* TaskTVC.xib */ = {isa = PBXFileReference; lastKnownFileType = file.xib; path = TaskTVC.xib; sourceTree = "<group>"; };
		AF464083292CA49F00BFC829 /* TaskDM.swift */ = {isa = PBXFileReference; lastKnownFileType = sourcecode.swift; path = TaskDM.swift; sourceTree = "<group>"; };
		AF464085292CA4E800BFC829 /* PriorityEnum.swift */ = {isa = PBXFileReference; lastKnownFileType = sourcecode.swift; path = PriorityEnum.swift; sourceTree = "<group>"; };
		AF464087292CA52000BFC829 /* TaskGroupDM.swift */ = {isa = PBXFileReference; lastKnownFileType = sourcecode.swift; path = TaskGroupDM.swift; sourceTree = "<group>"; };
		AF464089292CA57100BFC829 /* GroupTypeEnum.swift */ = {isa = PBXFileReference; lastKnownFileType = sourcecode.swift; path = GroupTypeEnum.swift; sourceTree = "<group>"; };
		AF46408B292CD6F100BFC829 /* NewTaskVC.swift */ = {isa = PBXFileReference; lastKnownFileType = sourcecode.swift; path = NewTaskVC.swift; sourceTree = "<group>"; };
		AF46408C292CD6F100BFC829 /* NewTaskVC.xib */ = {isa = PBXFileReference; lastKnownFileType = file.xib; path = NewTaskVC.xib; sourceTree = "<group>"; };
/* End PBXFileReference section */

/* Begin PBXFrameworksBuildPhase section */
		AF46405A292C9A4E00BFC829 /* Frameworks */ = {
			isa = PBXFrameworksBuildPhase;
			buildActionMask = 2147483647;
			files = (
			);
			runOnlyForDeploymentPostprocessing = 0;
		};
/* End PBXFrameworksBuildPhase section */

/* Begin PBXGroup section */
		AF464054292C9A4E00BFC829 = {
			isa = PBXGroup;
			children = (
				AF46405F292C9A4E00BFC829 /* My To-Do List */,
				AF46405E292C9A4E00BFC829 /* Products */,
			);
			sourceTree = "<group>";
		};
		AF46405E292C9A4E00BFC829 /* Products */ = {
			isa = PBXGroup;
			children = (
				AF46405D292C9A4E00BFC829 /* My To-Do List.app */,
			);
			name = Products;
			sourceTree = "<group>";
		};
		AF46405F292C9A4E00BFC829 /* My To-Do List */ = {
			isa = PBXGroup;
			children = (
				AF464060292C9A4E00BFC829 /* AppDelegate.swift */,
				AF464082292CA48500BFC829 /* Models */,
				AF46407D292CA2A200BFC829 /* TVCs */,
				AF46407C292CA29000BFC829 /* VCs */,
				AF464069292C9A5000BFC829 /* Assets.xcassets */,
				AF46406B292C9A5000BFC829 /* LaunchScreen.storyboard */,
				AF46406E292C9A5000BFC829 /* Info.plist */,
			);
			path = "My To-Do List";
			sourceTree = "<group>";
		};
		AF46407C292CA29000BFC829 /* VCs */ = {
			isa = PBXGroup;
			children = (
				AF464078292C9ADF00BFC829 /* HomeVC.swift */,
				AF464079292C9ADF00BFC829 /* HomeVC.xib */,
				AF46408B292CD6F100BFC829 /* NewTaskVC.swift */,
				AF46408C292CD6F100BFC829 /* NewTaskVC.xib */,
			);
			path = VCs;
			sourceTree = "<group>";
		};
		AF46407D292CA2A200BFC829 /* TVCs */ = {
			isa = PBXGroup;
			children = (
				AF46407E292CA2E400BFC829 /* TaskTVC.swift */,
				AF46407F292CA2E400BFC829 /* TaskTVC.xib */,
			);
			path = TVCs;
			sourceTree = "<group>";
		};
		AF464082292CA48500BFC829 /* Models */ = {
			isa = PBXGroup;
			children = (
				AF464083292CA49F00BFC829 /* TaskDM.swift */,
				AF464085292CA4E800BFC829 /* PriorityEnum.swift */,
				AF464087292CA52000BFC829 /* TaskGroupDM.swift */,
				AF464089292CA57100BFC829 /* GroupTypeEnum.swift */,
			);
			path = Models;
			sourceTree = "<group>";
		};
/* End PBXGroup section */

/* Begin PBXNativeTarget section */
		AF46405C292C9A4E00BFC829 /* My To-Do List */ = {
			isa = PBXNativeTarget;
			buildConfigurationList = AF464071292C9A5000BFC829 /* Build configuration list for PBXNativeTarget "My To-Do List" */;
			buildPhases = (
				AF464059292C9A4E00BFC829 /* Sources */,
				AF46405A292C9A4E00BFC829 /* Frameworks */,
				AF46405B292C9A4E00BFC829 /* Resources */,
			);
			buildRules = (
			);
			dependencies = (
			);
			name = "My To-Do List";
			productName = "My To-Do List";
			productReference = AF46405D292C9A4E00BFC829 /* My To-Do List.app */;
			productType = "com.apple.product-type.application";
		};
/* End PBXNativeTarget section */

/* Begin PBXProject section */
		AF464055292C9A4E00BFC829 /* Project object */ = {
			isa = PBXProject;
			attributes = {
				BuildIndependentTargetsInParallel = 1;
				LastSwiftUpdateCheck = 1340;
				LastUpgradeCheck = 1340;
				TargetAttributes = {
					AF46405C292C9A4E00BFC829 = {
						CreatedOnToolsVersion = 13.4.1;
					};
				};
			};
			buildConfigurationList = AF464058292C9A4E00BFC829 /* Build configuration list for PBXProject "My To-Do List" */;
			compatibilityVersion = "Xcode 13.0";
			developmentRegion = en;
			hasScannedForEncodings = 0;
			knownRegions = (
				en,
				Base,
			);
			mainGroup = AF464054292C9A4E00BFC829;
			productRefGroup = AF46405E292C9A4E00BFC829 /* Products */;
			projectDirPath = "";
			projectRoot = "";
			targets = (
				AF46405C292C9A4E00BFC829 /* My To-Do List */,
			);
		};
/* End PBXProject section */

/* Begin PBXResourcesBuildPhase section */
		AF46405B292C9A4E00BFC829 /* Resources */ = {
			isa = PBXResourcesBuildPhase;
			buildActionMask = 2147483647;
			files = (
				AF46408E292CD6F100BFC829 /* NewTaskVC.xib in Resources */,
				AF464081292CA2E400BFC829 /* TaskTVC.xib in Resources */,
				AF46406D292C9A5000BFC829 /* LaunchScreen.storyboard in Resources */,
				AF46407B292C9ADF00BFC829 /* HomeVC.xib in Resources */,
				AF46406A292C9A5000BFC829 /* Assets.xcassets in Resources */,
			);
			runOnlyForDeploymentPostprocessing = 0;
		};
/* End PBXResourcesBuildPhase section */

/* Begin PBXSourcesBuildPhase section */
		AF464059292C9A4E00BFC829 /* Sources */ = {
			isa = PBXSourcesBuildPhase;
			buildActionMask = 2147483647;
			files = (
				AF46408D292CD6F100BFC829 /* NewTaskVC.swift in Sources */,
				AF464080292CA2E400BFC829 /* TaskTVC.swift in Sources */,
				AF464061292C9A4E00BFC829 /* AppDelegate.swift in Sources */,
				AF464088292CA52000BFC829 /* TaskGroupDM.swift in Sources */,
				AF464086292CA4E800BFC829 /* PriorityEnum.swift in Sources */,
				AF46408A292CA57100BFC829 /* GroupTypeEnum.swift in Sources */,
				AF46407A292C9ADF00BFC829 /* HomeVC.swift in Sources */,
				AF464084292CA49F00BFC829 /* TaskDM.swift in Sources */,
			);
			runOnlyForDeploymentPostprocessing = 0;
		};
/* End PBXSourcesBuildPhase section */

/* Begin PBXVariantGroup section */
		AF46406B292C9A5000BFC829 /* LaunchScreen.storyboard */ = {
			isa = PBXVariantGroup;
			children = (
				AF46406C292C9A5000BFC829 /* Base */,
			);
			name = LaunchScreen.storyboard;
			sourceTree = "<group>";
		};
/* End PBXVariantGroup section */

/* Begin XCBuildConfiguration section */
		AF46406F292C9A5000BFC829 /* Debug */ = {
			isa = XCBuildConfiguration;
			buildSettings = {
				ALWAYS_SEARCH_USER_PATHS = NO;
				CLANG_ANALYZER_NONNULL = YES;
				CLANG_ANALYZER_NUMBER_OBJECT_CONVERSION = YES_AGGRESSIVE;
				CLANG_CXX_LANGUAGE_STANDARD = "gnu++17";
				CLANG_ENABLE_MODULES = YES;
				CLANG_ENABLE_OBJC_ARC = YES;
				CLANG_ENABLE_OBJC_WEAK = YES;
				CLANG_WARN_BLOCK_CAPTURE_AUTORELEASING = YES;
				CLANG_WARN_BOOL_CONVERSION = YES;
				CLANG_WARN_COMMA = YES;
				CLANG_WARN_CONSTANT_CONVERSION = YES;
				CLANG_WARN_DEPRECATED_OBJC_IMPLEMENTATIONS = YES;
				CLANG_WARN_DIRECT_OBJC_ISA_USAGE = YES_ERROR;
				CLANG_WARN_DOCUMENTATION_COMMENTS = YES;
				CLANG_WARN_EMPTY_BODY = YES;
				CLANG_WARN_ENUM_CONVERSION = YES;
				CLANG_WARN_INFINITE_RECURSION = YES;
				CLANG_WARN_INT_CONVERSION = YES;
				CLANG_WARN_NON_LITERAL_NULL_CONVERSION = YES;
				CLANG_WARN_OBJC_IMPLICIT_RETAIN_SELF = YES;
				CLANG_WARN_OBJC_LITERAL_CONVERSION = YES;
				CLANG_WARN_OBJC_ROOT_CLASS = YES_ERROR;
				CLANG_WARN_QUOTED_INCLUDE_IN_FRAMEWORK_HEADER = YES;
				CLANG_WARN_RANGE_LOOP_ANALYSIS = YES;
				CLANG_WARN_STRICT_PROTOTYPES = YES;
				CLANG_WARN_SUSPICIOUS_MOVE = YES;
				CLANG_WARN_UNGUARDED_AVAILABILITY = YES_AGGRESSIVE;
				CLANG_WARN_UNREACHABLE_CODE = YES;
				CLANG_WARN__DUPLICATE_METHOD_MATCH = YES;
				COPY_PHASE_STRIP = NO;
				DEBUG_INFORMATION_FORMAT = dwarf;
				ENABLE_STRICT_OBJC_MSGSEND = YES;
				ENABLE_TESTABILITY = YES;
				GCC_C_LANGUAGE_STANDARD = gnu11;
				GCC_DYNAMIC_NO_PIC = NO;
				GCC_NO_COMMON_BLOCKS = YES;
				GCC_OPTIMIZATION_LEVEL = 0;
				GCC_PREPROCESSOR_DEFINITIONS = (
					"DEBUG=1",
					"$(inherited)",
				);
				GCC_WARN_64_TO_32_BIT_CONVERSION = YES;
				GCC_WARN_ABOUT_RETURN_TYPE = YES_ERROR;
				GCC_WARN_UNDECLARED_SELECTOR = YES;
				GCC_WARN_UNINITIALIZED_AUTOS = YES_AGGRESSIVE;
				GCC_WARN_UNUSED_FUNCTION = YES;
				GCC_WARN_UNUSED_VARIABLE = YES;
				IPHONEOS_DEPLOYMENT_TARGET = 15.5;
				MTL_ENABLE_DEBUG_INFO = INCLUDE_SOURCE;
				MTL_FAST_MATH = YES;
				ONLY_ACTIVE_ARCH = YES;
				SDKROOT = iphoneos;
				SWIFT_ACTIVE_COMPILATION_CONDITIONS = DEBUG;
				SWIFT_OPTIMIZATION_LEVEL = "-Onone";
			};
			name = Debug;
		};
		AF464070292C9A5000BFC829 /* Release */ = {
			isa = XCBuildConfiguration;
			buildSettings = {
				ALWAYS_SEARCH_USER_PATHS = NO;
				CLANG_ANALYZER_NONNULL = YES;
				CLANG_ANALYZER_NUMBER_OBJECT_CONVERSION = YES_AGGRESSIVE;
				CLANG_CXX_LANGUAGE_STANDARD = "gnu++17";
				CLANG_ENABLE_MODULES = YES;
				CLANG_ENABLE_OBJC_ARC = YES;
				CLANG_ENABLE_OBJC_WEAK = YES;
				CLANG_WARN_BLOCK_CAPTURE_AUTORELEASING = YES;
				CLANG_WARN_BOOL_CONVERSION = YES;
				CLANG_WARN_COMMA = YES;
				CLANG_WARN_CONSTANT_CONVERSION = YES;
				CLANG_WARN_DEPRECATED_OBJC_IMPLEMENTATIONS = YES;
				CLANG_WARN_DIRECT_OBJC_ISA_USAGE = YES_ERROR;
				CLANG_WARN_DOCUMENTATION_COMMENTS = YES;
				CLANG_WARN_EMPTY_BODY = YES;
				CLANG_WARN_ENUM_CONVERSION = YES;
				CLANG_WARN_INFINITE_RECURSION = YES;
				CLANG_WARN_INT_CONVERSION = YES;
				CLANG_WARN_NON_LITERAL_NULL_CONVERSION = YES;
				CLANG_WARN_OBJC_IMPLICIT_RETAIN_SELF = YES;
				CLANG_WARN_OBJC_LITERAL_CONVERSION = YES;
				CLANG_WARN_OBJC_ROOT_CLASS = YES_ERROR;
				CLANG_WARN_QUOTED_INCLUDE_IN_FRAMEWORK_HEADER = YES;
				CLANG_WARN_RANGE_LOOP_ANALYSIS = YES;
				CLANG_WARN_STRICT_PROTOTYPES = YES;
				CLANG_WARN_SUSPICIOUS_MOVE = YES;
				CLANG_WARN_UNGUARDED_AVAILABILITY = YES_AGGRESSIVE;
				CLANG_WARN_UNREACHABLE_CODE = YES;
				CLANG_WARN__DUPLICATE_METHOD_MATCH = YES;
				COPY_PHASE_STRIP = NO;
				DEBUG_INFORMATION_FORMAT = "dwarf-with-dsym";
				ENABLE_NS_ASSERTIONS = NO;
				ENABLE_STRICT_OBJC_MSGSEND = YES;
				GCC_C_LANGUAGE_STANDARD = gnu11;
				GCC_NO_COMMON_BLOCKS = YES;
				GCC_WARN_64_TO_32_BIT_CONVERSION = YES;
				GCC_WARN_ABOUT_RETURN_TYPE = YES_ERROR;
				GCC_WARN_UNDECLARED_SELECTOR = YES;
				GCC_WARN_UNINITIALIZED_AUTOS = YES_AGGRESSIVE;
				GCC_WARN_UNUSED_FUNCTION = YES;
				GCC_WARN_UNUSED_VARIABLE = YES;
				IPHONEOS_DEPLOYMENT_TARGET = 15.5;
				MTL_ENABLE_DEBUG_INFO = NO;
				MTL_FAST_MATH = YES;
				SDKROOT = iphoneos;
				SWIFT_COMPILATION_MODE = wholemodule;
				SWIFT_OPTIMIZATION_LEVEL = "-O";
				VALIDATE_PRODUCT = YES;
			};
			name = Release;
		};
		AF464072292C9A5000BFC829 /* Debug */ = {
			isa = XCBuildConfiguration;
			buildSettings = {
				ASSETCATALOG_COMPILER_APPICON_NAME = AppIcon;
				ASSETCATALOG_COMPILER_GLOBAL_ACCENT_COLOR_NAME = AccentColor;
				CODE_SIGN_STYLE = Automatic;
				CURRENT_PROJECT_VERSION = 1;
				GENERATE_INFOPLIST_FILE = YES;
				INFOPLIST_FILE = "My To-Do List/Info.plist";
				INFOPLIST_KEY_UIApplicationSupportsIndirectInputEvents = YES;
				INFOPLIST_KEY_UILaunchStoryboardName = LaunchScreen;
				INFOPLIST_KEY_UISupportedInterfaceOrientations_iPad = "UIInterfaceOrientationPortrait UIInterfaceOrientationPortraitUpsideDown UIInterfaceOrientationLandscapeLeft UIInterfaceOrientationLandscapeRight";
				INFOPLIST_KEY_UISupportedInterfaceOrientations_iPhone = "UIInterfaceOrientationPortrait UIInterfaceOrientationLandscapeLeft UIInterfaceOrientationLandscapeRight";
				LD_RUNPATH_SEARCH_PATHS = (
					"$(inherited)",
					"@executable_path/Frameworks",
				);
				MARKETING_VERSION = 1.0;
				PRODUCT_BUNDLE_IDENTIFIER = "Rounded-LLC.My-To-Do-List";
				PRODUCT_NAME = "$(TARGET_NAME)";
				SWIFT_EMIT_LOC_STRINGS = YES;
				SWIFT_VERSION = 5.0;
				TARGETED_DEVICE_FAMILY = "1,2";
			};
			name = Debug;
		};
		AF464073292C9A5000BFC829 /* Release */ = {
			isa = XCBuildConfiguration;
			buildSettings = {
				ASSETCATALOG_COMPILER_APPICON_NAME = AppIcon;
				ASSETCATALOG_COMPILER_GLOBAL_ACCENT_COLOR_NAME = AccentColor;
				CODE_SIGN_STYLE = Automatic;
				CURRENT_PROJECT_VERSION = 1;
				GENERATE_INFOPLIST_FILE = YES;
				INFOPLIST_FILE = "My To-Do List/Info.plist";
				INFOPLIST_KEY_UIApplicationSupportsIndirectInputEvents = YES;
				INFOPLIST_KEY_UILaunchStoryboardName = LaunchScreen;
				INFOPLIST_KEY_UISupportedInterfaceOrientations_iPad = "UIInterfaceOrientationPortrait UIInterfaceOrientationPortraitUpsideDown UIInterfaceOrientationLandscapeLeft UIInterfaceOrientationLandscapeRight";
				INFOPLIST_KEY_UISupportedInterfaceOrientations_iPhone = "UIInterfaceOrientationPortrait UIInterfaceOrientationLandscapeLeft UIInterfaceOrientationLandscapeRight";
				LD_RUNPATH_SEARCH_PATHS = (
					"$(inherited)",
					"@executable_path/Frameworks",
				);
				MARKETING_VERSION = 1.0;
				PRODUCT_BUNDLE_IDENTIFIER = "Rounded-LLC.My-To-Do-List";
				PRODUCT_NAME = "$(TARGET_NAME)";
				SWIFT_EMIT_LOC_STRINGS = YES;
				SWIFT_VERSION = 5.0;
				TARGETED_DEVICE_FAMILY = "1,2";
			};
			name = Release;
		};
/* End XCBuildConfiguration section */

/* Begin XCConfigurationList section */
		AF464058292C9A4E00BFC829 /* Build configuration list for PBXProject "My To-Do List" */ = {
			isa = XCConfigurationList;
			buildConfigurations = (
				AF46406F292C9A5000BFC829 /* Debug */,
				AF464070292C9A5000BFC829 /* Release */,
			);
			defaultConfigurationIsVisible = 0;
			defaultConfigurationName = Release;
		};
		AF464071292C9A5000BFC829 /* Build configuration list for PBXNativeTarget "My To-Do List" */ = {
			isa = XCConfigurationList;
			buildConfigurations = (
				AF464072292C9A5000BFC829 /* Debug */,
				AF464073292C9A5000BFC829 /* Release */,
			);
			defaultConfigurationIsVisible = 0;
			defaultConfigurationName = Release;
		};
/* End XCConfigurationList section */
	};
	rootObject = AF464055292C9A4E00BFC829 /* Project object */;
}
